
Microsoft Visual Studio Solution File, Format Version 11.00
# Visual Studio 2010
Project("{8BC9CEB8-8B4A-11D0-8D11-00A0C91BC942}") = "chapter4", "chapter4\chapter4.vcxproj", "{A9BB82A8-0746-4894-9BF8-2DB9ADF452D2}"
EndProject
Global
	GlobalSection(SolutionConfigurationPlatforms) = preSolution
		Debug|Win32 = Debug|Win32
		Release|Win32 = Release|Win32
	EndGlobalSection
	GlobalSection(ProjectConfigurationPlatforms) = postSolution
		{A9BB82A8-0746-4894-9BF8-2DB9ADF452D2}.Debug|Win32.ActiveCfg = Debug|Win32
		{A9BB82A8-0746-4894-9BF8-2DB9ADF452D2}.Debug|Win32.Build.0 = Debug|Win32
		{A9BB82A8-0746-4894-9BF8-2DB9ADF452D2}.Release|Win32.ActiveCfg = Release|Win32
		{A9BB82A8-0746-4894-9BF8-2DB9ADF452D2}.Release|Win32.Build.0 = Release|Win32
	EndGlobalSection
	GlobalSection(SolutionProperties) = preSolution
		HideSolutionNode = FALSE
	EndGlobalSection
EndGlobal
