
Microsoft Visual Studio Solution File, Format Version 11.00
# Visual Studio 2010
Project("{8BC9CEB8-8B4A-11D0-8D11-00A0C91BC942}") = "chapter8", "chapter8\chapter8.vcxproj", "{EDB5DC5C-CCBE-4738-8C55-B4459E2157BB}"
EndProject
Global
	GlobalSection(SolutionConfigurationPlatforms) = preSolution
		Debug|Win32 = Debug|Win32
		Release|Win32 = Release|Win32
	EndGlobalSection
	GlobalSection(ProjectConfigurationPlatforms) = postSolution
		{EDB5DC5C-CCBE-4738-8C55-B4459E2157BB}.Debug|Win32.ActiveCfg = Debug|Win32
		{EDB5DC5C-CCBE-4738-8C55-B4459E2157BB}.Debug|Win32.Build.0 = Debug|Win32
		{EDB5DC5C-CCBE-4738-8C55-B4459E2157BB}.Release|Win32.ActiveCfg = Release|Win32
		{EDB5DC5C-CCBE-4738-8C55-B4459E2157BB}.Release|Win32.Build.0 = Release|Win32
	EndGlobalSection
	GlobalSection(SolutionProperties) = preSolution
		HideSolutionNode = FALSE
	EndGlobalSection
EndGlobal
